
Microsoft Visual Studio Solution File, Format Version 12.00
# Visual Studio Version 17
VisualStudioVersion = 17.0.31903.59
MinimumVisualStudioVersion = 10.0.40219.1
Project("{2150E333-8FDC-42A3-9474-1A3956D46DE8}") = "src", "src", "{346C4B8C-BC43-40C3-BE11-4EDC7247AF5B}"
EndProject
Project("{FAE04EC0-301F-11D3-BF4B-00C04F79EFBC}") = "UIL", "src\UIL\UIL.csproj", "{A376C96E-E554-467D-B961-7A4A1E72958D}"
EndProject
Project("{2150E333-8FDC-42A3-9474-1A3956D46DE8}") = "tests", "tests", "{568F393C-7293-4D05-B895-46BFD1493FA5}"
EndProject
Project("{FAE04EC0-301F-11D3-BF4B-00C04F79EFBC}") = "UIL.Tests", "tests\UIL.Tests\UIL.Tests.csproj", "{6F1580B2-1D70-4A65-8C20-696257B3D7F5}"
EndProject
Global
	GlobalSection(SolutionConfigurationPlatforms) = preSolution
		Debug|Any CPU = Debug|Any CPU
		Release|Any CPU = Release|Any CPU
	EndGlobalSection
	GlobalSection(SolutionProperties) = preSolution
		HideSolutionNode = FALSE
	EndGlobalSection
	GlobalSection(ProjectConfigurationPlatforms) = postSolution
		{A376C96E-E554-467D-B961-7A4A1E72958D}.Debug|Any CPU.ActiveCfg = Debug|Any CPU
		{A376C96E-E554-467D-B961-7A4A1E72958D}.Debug|Any CPU.Build.0 = Debug|Any CPU
		{A376C96E-E554-467D-B961-7A4A1E72958D}.Release|Any CPU.ActiveCfg = Release|Any CPU
		{A376C96E-E554-467D-B961-7A4A1E72958D}.Release|Any CPU.Build.0 = Release|Any CPU
		{6F1580B2-1D70-4A65-8C20-696257B3D7F5}.Debug|Any CPU.ActiveCfg = Debug|Any CPU
		{6F1580B2-1D70-4A65-8C20-696257B3D7F5}.Debug|Any CPU.Build.0 = Debug|Any CPU
		{6F1580B2-1D70-4A65-8C20-696257B3D7F5}.Release|Any CPU.ActiveCfg = Release|Any CPU
		{6F1580B2-1D70-4A65-8C20-696257B3D7F5}.Release|Any CPU.Build.0 = Release|Any CPU
	EndGlobalSection
	GlobalSection(NestedProjects) = preSolution
		{A376C96E-E554-467D-B961-7A4A1E72958D} = {346C4B8C-BC43-40C3-BE11-4EDC7247AF5B}
		{6F1580B2-1D70-4A65-8C20-696257B3D7F5} = {568F393C-7293-4D05-B895-46BFD1493FA5}
	EndGlobalSection
EndGlobal
